
Microsoft Visual Studio Solution File, Format Version 12.00
# Visual Studio Version 17
VisualStudioVersion = 17.1.32421.90
MinimumVisualStudioVersion = 10.0.40219.1
Project("{FAE04EC0-301F-11D3-BF4B-00C04F79EFBC}") = "Drishti.Android", "Drishti\Drishti.Android\Drishti.Android.csproj", "{CB17C2CF-88E7-4D49-8FA9-FC97A77D096B}"
EndProject
Project("{FAE04EC0-301F-11D3-BF4B-00C04F79EFBC}") = "Drishti.iOS", "Drishti\Drishti.iOS\Drishti.iOS.csproj", "{4366E9CE-1A1E-49B9-83B9-E6DDA08610C2}"
EndProject
Project("{FAE04EC0-301F-11D3-BF4B-00C04F79EFBC}") = "Drishti", "Drishti\Drishti\Drishti.csproj", "{87016D0A-83B9-4C25-A639-AC51F42337C5}"
EndProject
Global
	GlobalSection(SolutionConfigurationPlatforms) = preSolution
		Debug|Any CPU = Debug|Any CPU
		Debug|iPhone = Debug|iPhone
		Debug|iPhoneSimulator = Debug|iPhoneSimulator
		Release|Any CPU = Release|Any CPU
		Release|iPhone = Release|iPhone
		Release|iPhoneSimulator = Release|iPhoneSimulator
	EndGlobalSection
	GlobalSection(ProjectConfigurationPlatforms) = postSolution
		{CB17C2CF-88E7-4D49-8FA9-FC97A77D096B}.Debug|Any CPU.ActiveCfg = Debug|Any CPU
		{CB17C2CF-88E7-4D49-8FA9-FC97A77D096B}.Debug|Any CPU.Build.0 = Debug|Any CPU
		{CB17C2CF-88E7-4D49-8FA9-FC97A77D096B}.Debug|Any CPU.Deploy.0 = Debug|Any CPU
		{CB17C2CF-88E7-4D49-8FA9-FC97A77D096B}.Debug|iPhone.ActiveCfg = Debug|Any CPU
		{CB17C2CF-88E7-4D49-8FA9-FC97A77D096B}.Debug|iPhone.Build.0 = Debug|Any CPU
		{CB17C2CF-88E7-4D49-8FA9-FC97A77D096B}.Debug|iPhone.Deploy.0 = Debug|Any CPU
		{CB17C2CF-88E7-4D49-8FA9-FC97A77D096B}.Debug|iPhoneSimulator.ActiveCfg = Debug|Any CPU
		{CB17C2CF-88E7-4D49-8FA9-FC97A77D096B}.Debug|iPhoneSimulator.Build.0 = Debug|Any CPU
		{CB17C2CF-88E7-4D49-8FA9-FC97A77D096B}.Debug|iPhoneSimulator.Deploy.0 = Debug|Any CPU
		{CB17C2CF-88E7-4D49-8FA9-FC97A77D096B}.Release|Any CPU.ActiveCfg = Release|Any CPU
		{CB17C2CF-88E7-4D49-8FA9-FC97A77D096B}.Release|Any CPU.Build.0 = Release|Any CPU
		{CB17C2CF-88E7-4D49-8FA9-FC97A77D096B}.Release|Any CPU.Deploy.0 = Release|Any CPU
		{CB17C2CF-88E7-4D49-8FA9-FC97A77D096B}.Release|iPhone.ActiveCfg = Release|Any CPU
		{CB17C2CF-88E7-4D49-8FA9-FC97A77D096B}.Release|iPhone.Build.0 = Release|Any CPU
		{CB17C2CF-88E7-4D49-8FA9-FC97A77D096B}.Release|iPhone.Deploy.0 = Release|Any CPU
		{CB17C2CF-88E7-4D49-8FA9-FC97A77D096B}.Release|iPhoneSimulator.ActiveCfg = Release|Any CPU
		{CB17C2CF-88E7-4D49-8FA9-FC97A77D096B}.Release|iPhoneSimulator.Build.0 = Release|Any CPU
		{CB17C2CF-88E7-4D49-8FA9-FC97A77D096B}.Release|iPhoneSimulator.Deploy.0 = Release|Any CPU
		{4366E9CE-1A1E-49B9-83B9-E6DDA08610C2}.Debug|Any CPU.ActiveCfg = Debug|iPhone
		{4366E9CE-1A1E-49B9-83B9-E6DDA08610C2}.Debug|Any CPU.Build.0 = Debug|iPhone
		{4366E9CE-1A1E-49B9-83B9-E6DDA08610C2}.Debug|Any CPU.Deploy.0 = Debug|iPhone
		{4366E9CE-1A1E-49B9-83B9-E6DDA08610C2}.Debug|iPhone.ActiveCfg = Debug|iPhone
		{4366E9CE-1A1E-49B9-83B9-E6DDA08610C2}.Debug|iPhone.Build.0 = Debug|iPhone
		{4366E9CE-1A1E-49B9-83B9-E6DDA08610C2}.Debug|iPhone.Deploy.0 = Debug|iPhone
		{4366E9CE-1A1E-49B9-83B9-E6DDA08610C2}.Debug|iPhoneSimulator.ActiveCfg = Debug|iPhoneSimulator
		{4366E9CE-1A1E-49B9-83B9-E6DDA08610C2}.Debug|iPhoneSimulator.Build.0 = Debug|iPhoneSimulator
		{4366E9CE-1A1E-49B9-83B9-E6DDA08610C2}.Debug|iPhoneSimulator.Deploy.0 = Debug|iPhoneSimulator
		{4366E9CE-1A1E-49B9-83B9-E6DDA08610C2}.Release|Any CPU.ActiveCfg = Release|iPhoneSimulator
		{4366E9CE-1A1E-49B9-83B9-E6DDA08610C2}.Release|Any CPU.Build.0 = Release|iPhoneSimulator
		{4366E9CE-1A1E-49B9-83B9-E6DDA08610C2}.Release|Any CPU.Deploy.0 = Release|iPhoneSimulator
		{4366E9CE-1A1E-49B9-83B9-E6DDA08610C2}.Release|iPhone.ActiveCfg = Release|iPhone
		{4366E9CE-1A1E-49B9-83B9-E6DDA08610C2}.Release|iPhone.Build.0 = Release|iPhone
		{4366E9CE-1A1E-49B9-83B9-E6DDA08610C2}.Release|iPhone.Deploy.0 = Release|iPhone
		{4366E9CE-1A1E-49B9-83B9-E6DDA08610C2}.Release|iPhoneSimulator.ActiveCfg = Release|iPhoneSimulator
		{4366E9CE-1A1E-49B9-83B9-E6DDA08610C2}.Release|iPhoneSimulator.Build.0 = Release|iPhoneSimulator
		{4366E9CE-1A1E-49B9-83B9-E6DDA08610C2}.Release|iPhoneSimulator.Deploy.0 = Release|iPhoneSimulator
		{87016D0A-83B9-4C25-A639-AC51F42337C5}.Debug|Any CPU.ActiveCfg = Debug|Any CPU
		{87016D0A-83B9-4C25-A639-AC51F42337C5}.Debug|Any CPU.Build.0 = Debug|Any CPU
		{87016D0A-83B9-4C25-A639-AC51F42337C5}.Debug|Any CPU.Deploy.0 = Debug|Any CPU
		{87016D0A-83B9-4C25-A639-AC51F42337C5}.Debug|iPhone.ActiveCfg = Debug|Any CPU
		{87016D0A-83B9-4C25-A639-AC51F42337C5}.Debug|iPhone.Build.0 = Debug|Any CPU
		{87016D0A-83B9-4C25-A639-AC51F42337C5}.Debug|iPhone.Deploy.0 = Debug|Any CPU
		{87016D0A-83B9-4C25-A639-AC51F42337C5}.Debug|iPhoneSimulator.ActiveCfg = Debug|Any CPU
		{87016D0A-83B9-4C25-A639-AC51F42337C5}.Debug|iPhoneSimulator.Build.0 = Debug|Any CPU
		{87016D0A-83B9-4C25-A639-AC51F42337C5}.Debug|iPhoneSimulator.Deploy.0 = Debug|Any CPU
		{87016D0A-83B9-4C25-A639-AC51F42337C5}.Release|Any CPU.ActiveCfg = Release|Any CPU
		{87016D0A-83B9-4C25-A639-AC51F42337C5}.Release|Any CPU.Build.0 = Release|Any CPU
		{87016D0A-83B9-4C25-A639-AC51F42337C5}.Release|Any CPU.Deploy.0 = Release|Any CPU
		{87016D0A-83B9-4C25-A639-AC51F42337C5}.Release|iPhone.ActiveCfg = Release|Any CPU
		{87016D0A-83B9-4C25-A639-AC51F42337C5}.Release|iPhone.Build.0 = Release|Any CPU
		{87016D0A-83B9-4C25-A639-AC51F42337C5}.Release|iPhone.Deploy.0 = Release|Any CPU
		{87016D0A-83B9-4C25-A639-AC51F42337C5}.Release|iPhoneSimulator.ActiveCfg = Release|Any CPU
		{87016D0A-83B9-4C25-A639-AC51F42337C5}.Release|iPhoneSimulator.Build.0 = Release|Any CPU
		{87016D0A-83B9-4C25-A639-AC51F42337C5}.Release|iPhoneSimulator.Deploy.0 = Release|Any CPU
	EndGlobalSection
	GlobalSection(SolutionProperties) = preSolution
		HideSolutionNode = FALSE
	EndGlobalSection
	GlobalSection(ExtensibilityGlobals) = postSolution
		SolutionGuid = {B54B6AC6-115B-4A25-A431-BD3174130BFC}
	EndGlobalSection
EndGlobal
